
Microsoft Visual Studio Solution File, Format Version 12.00
# Visual Studio Version 17
VisualStudioVersion = 17.8.34330.188
MinimumVisualStudioVersion = 10.0.40219.1
Project("{FAE04EC0-301F-11D3-BF4B-00C04F79EFBC}") = "SubjectMatterExpertAPI", "SubjectMatterExpertAPI\SubjectMatterExpertAPI.csproj", "{6F8F588B-7305-4524-9788-431D718023BE}"
EndProject
Global
	GlobalSection(SolutionConfigurationPlatforms) = preSolution
		Debug|Any CPU = Debug|Any CPU
		Release|Any CPU = Release|Any CPU
	EndGlobalSection
	GlobalSection(ProjectConfigurationPlatforms) = postSolution
		{6F8F588B-7305-4524-9788-431D718023BE}.Debug|Any CPU.ActiveCfg = Debug|Any CPU
		{6F8F588B-7305-4524-9788-431D718023BE}.Debug|Any CPU.Build.0 = Debug|Any CPU
		{6F8F588B-7305-4524-9788-431D718023BE}.Release|Any CPU.ActiveCfg = Release|Any CPU
		{6F8F588B-7305-4524-9788-431D718023BE}.Release|Any CPU.Build.0 = Release|Any CPU
	EndGlobalSection
	GlobalSection(SolutionProperties) = preSolution
		HideSolutionNode = FALSE
	EndGlobalSection
	GlobalSection(ExtensibilityGlobals) = postSolution
		SolutionGuid = {BC87EBF2-CFFA-4905-B796-412557459C9E}
	EndGlobalSection
EndGlobal
